// !$*UTF8*$!
{
	archiveVersion = 1;
	classes = {
	};
	objectVersion = 46;
	objects = {

/* Begin PBXBuildFile section */
		BF8ACBCA04C04B3987E5D168 /* libPods.a in Frameworks */ = {isa = PBXBuildFile; fileRef = 898D01480B714CBAB008474D /* libPods.a */; };
		CE4178E8175E3616000CB68B /* RDSpeakerCell.m in Sources */ = {isa = PBXBuildFile; fileRef = CE4178E7175E3616000CB68B /* RDSpeakerCell.m */; };
		CE4178EA175E3AD3000CB68B /* rubylang.png in Resources */ = {isa = PBXBuildFile; fileRef = CE4178E9175E3AD3000CB68B /* rubylang.png */; };
		CE4178EC175E3CDB000CB68B /* RDSpeakerCell.xib in Resources */ = {isa = PBXBuildFile; fileRef = CE4178EB175E3CDB000CB68B /* RDSpeakerCell.xib */; };
		CE482E0A175A247F00ABC235 /* RDMainTabBarViewController.m in Sources */ = {isa = PBXBuildFile; fileRef = CE482E09175A247F00ABC235 /* RDMainTabBarViewController.m */; };
		CE65536B1759EDCF00F0EE63 /* UIKit.framework in Frameworks */ = {isa = PBXBuildFile; fileRef = CE65536A1759EDCF00F0EE63 /* UIKit.framework */; };
		CE65536D1759EDCF00F0EE63 /* Foundation.framework in Frameworks */ = {isa = PBXBuildFile; fileRef = CE65536C1759EDCF00F0EE63 /* Foundation.framework */; };
		CE65536F1759EDCF00F0EE63 /* CoreGraphics.framework in Frameworks */ = {isa = PBXBuildFile; fileRef = CE65536E1759EDCF00F0EE63 /* CoreGraphics.framework */; };
		CE6553751759EDCF00F0EE63 /* InfoPlist.strings in Resources */ = {isa = PBXBuildFile; fileRef = CE6553731759EDCF00F0EE63 /* InfoPlist.strings */; };
		CE6553771759EDCF00F0EE63 /* main.m in Sources */ = {isa = PBXBuildFile; fileRef = CE6553761759EDCF00F0EE63 /* main.m */; };
		CE65537B1759EDCF00F0EE63 /* RDAppDelegate.m in Sources */ = {isa = PBXBuildFile; fileRef = CE65537A1759EDCF00F0EE63 /* RDAppDelegate.m */; };
		CE65537D1759EDCF00F0EE63 /* Default.png in Resources */ = {isa = PBXBuildFile; fileRef = CE65537C1759EDCF00F0EE63 /* Default.png */; };
		CE65537F1759EDCF00F0EE63 /* Default@2x.png in Resources */ = {isa = PBXBuildFile; fileRef = CE65537E1759EDCF00F0EE63 /* Default@2x.png */; };
		CE6553811759EDCF00F0EE63 /* Default-568h@2x.png in Resources */ = {isa = PBXBuildFile; fileRef = CE6553801759EDCF00F0EE63 /* Default-568h@2x.png */; };
		CE9E3EF0175A26FF003FE09C /* RDScheduleViewController.m in Sources */ = {isa = PBXBuildFile; fileRef = CE9E3EEF175A26FF003FE09C /* RDScheduleViewController.m */; };
		CE9E3EF3175A2715003FE09C /* RDFavouritesViewController.m in Sources */ = {isa = PBXBuildFile; fileRef = CE9E3EF2175A2715003FE09C /* RDFavouritesViewController.m */; };
		CE9E3EF6175A272E003FE09C /* RDSpeakersViewController.m in Sources */ = {isa = PBXBuildFile; fileRef = CE9E3EF5175A272E003FE09C /* RDSpeakersViewController.m */; };
		CE9E3EF9175A273D003FE09C /* RDInfoViewController.m in Sources */ = {isa = PBXBuildFile; fileRef = CE9E3EF8175A273D003FE09C /* RDInfoViewController.m */; };
		CE9E3EFB175A28ED003FE09C /* RDScheduleViewController.xib in Resources */ = {isa = PBXBuildFile; fileRef = CE9E3EFA175A28ED003FE09C /* RDScheduleViewController.xib */; };
		CE9E3EFE175A2D98003FE09C /* RDDatasource.m in Sources */ = {isa = PBXBuildFile; fileRef = CE9E3EFD175A2D97003FE09C /* RDDatasource.m */; };
		CE9E3F02175A3C2E003FE09C /* RDTalkViewController.m in Sources */ = {isa = PBXBuildFile; fileRef = CE9E3F00175A3C2E003FE09C /* RDTalkViewController.m */; };
		CE9E3F03175A3C2E003FE09C /* RDTalkViewController.xib in Resources */ = {isa = PBXBuildFile; fileRef = CE9E3F01175A3C2E003FE09C /* RDTalkViewController.xib */; };
		CE9E3F07175A41D5003FE09C /* RDSpeakerViewController.m in Sources */ = {isa = PBXBuildFile; fileRef = CE9E3F05175A41D5003FE09C /* RDSpeakerViewController.m */; };
		CE9E3F08175A41D5003FE09C /* RDSpeakerViewController.xib in Resources */ = {isa = PBXBuildFile; fileRef = CE9E3F06175A41D5003FE09C /* RDSpeakerViewController.xib */; };
		CE9E3F0D175B7AF2003FE09C /* topbar@2x.png in Resources */ = {isa = PBXBuildFile; fileRef = CE9E3F0B175B7AF2003FE09C /* topbar@2x.png */; };
		CE9E3F0E175B7AF2003FE09C /* topbar.png in Resources */ = {isa = PBXBuildFile; fileRef = CE9E3F0C175B7AF2003FE09C /* topbar.png */; };
		CE9E3F11175B7F3E003FE09C /* EurostileRegular.ttf in Resources */ = {isa = PBXBuildFile; fileRef = CE9E3F0F175B7F3E003FE09C /* EurostileRegular.ttf */; };
		CE9E3F12175B7F3E003FE09C /* EurostileBold.ttf in Resources */ = {isa = PBXBuildFile; fileRef = CE9E3F10175B7F3E003FE09C /* EurostileBold.ttf */; };
		CE9E3F15175B8490003FE09C /* pw_pattern@2X.png in Resources */ = {isa = PBXBuildFile; fileRef = CE9E3F13175B8490003FE09C /* pw_pattern@2X.png */; };
		CE9E3F16175B8490003FE09C /* pw_pattern.png in Resources */ = {isa = PBXBuildFile; fileRef = CE9E3F14175B8490003FE09C /* pw_pattern.png */; };
		CE9E3F1D175B88CC003FE09C /* tablerowsep.png in Resources */ = {isa = PBXBuildFile; fileRef = CE9E3F17175B88CB003FE09C /* tablerowsep.png */; };
		CE9E3F1E175B88CC003FE09C /* tablerowsep@2x.png in Resources */ = {isa = PBXBuildFile; fileRef = CE9E3F18175B88CB003FE09C /* tablerowsep@2x.png */; };
		CE9E3F1F175B88CC003FE09C /* tablerow.png in Resources */ = {isa = PBXBuildFile; fileRef = CE9E3F19175B88CB003FE09C /* tablerow.png */; };
		CE9E3F20175B88CC003FE09C /* tablerow@2x.png in Resources */ = {isa = PBXBuildFile; fileRef = CE9E3F1A175B88CB003FE09C /* tablerow@2x.png */; };
		CE9E3F21175B88CC003FE09C /* tableheader.png in Resources */ = {isa = PBXBuildFile; fileRef = CE9E3F1B175B88CB003FE09C /* tableheader.png */; };
		CE9E3F22175B88CC003FE09C /* tableheader@2x.png in Resources */ = {isa = PBXBuildFile; fileRef = CE9E3F1C175B88CB003FE09C /* tableheader@2x.png */; };
		CE9E3F25175B896E003FE09C /* tablefooter.png in Resources */ = {isa = PBXBuildFile; fileRef = CE9E3F23175B896E003FE09C /* tablefooter.png */; };
		CE9E3F26175B896E003FE09C /* tablefooter@2x.png in Resources */ = {isa = PBXBuildFile; fileRef = CE9E3F24175B896E003FE09C /* tablefooter@2x.png */; };
		CE9E3F29175B9241003FE09C /* tabbar.png in Resources */ = {isa = PBXBuildFile; fileRef = CE9E3F27175B9241003FE09C /* tabbar.png */; };
		CE9E3F2A175B9241003FE09C /* tabbar@2x.png in Resources */ = {isa = PBXBuildFile; fileRef = CE9E3F28175B9241003FE09C /* tabbar@2x.png */; };
		CE9E3F2D175B953B003FE09C /* icon_agenda.png in Resources */ = {isa = PBXBuildFile; fileRef = CE9E3F2B175B953B003FE09C /* icon_agenda.png */; };
		CE9E3F2E175B953B003FE09C /* icon_agenda@2x.png in Resources */ = {isa = PBXBuildFile; fileRef = CE9E3F2C175B953B003FE09C /* icon_agenda@2x.png */; };
		CE9E3F31175BA647003FE09C /* RDTalkCell.m in Sources */ = {isa = PBXBuildFile; fileRef = CE9E3F30175BA647003FE09C /* RDTalkCell.m */; };
		CE9E3F33175BA67E003FE09C /* RDTalkCell.xib in Resources */ = {isa = PBXBuildFile; fileRef = CE9E3F32175BA67E003FE09C /* RDTalkCell.xib */; };
		CE9E3F3A175C912F003FE09C /* icon_about.png in Resources */ = {isa = PBXBuildFile; fileRef = CE9E3F34175C912D003FE09C /* icon_about.png */; };
		CE9E3F3B175C912F003FE09C /* icon_about@2x.png in Resources */ = {isa = PBXBuildFile; fileRef = CE9E3F35175C912D003FE09C /* icon_about@2x.png */; };
		CE9E3F3C175C912F003FE09C /* icon_speakers.png in Resources */ = {isa = PBXBuildFile; fileRef = CE9E3F36175C912E003FE09C /* icon_speakers.png */; };
		CE9E3F3D175C912F003FE09C /* icon_speakers@2x.png in Resources */ = {isa = PBXBuildFile; fileRef = CE9E3F37175C912E003FE09C /* icon_speakers@2x.png */; };
		CE9E3F3E175C912F003FE09C /* icon_favourites.png in Resources */ = {isa = PBXBuildFile; fileRef = CE9E3F38175C912E003FE09C /* icon_favourites.png */; };
		CE9E3F3F175C912F003FE09C /* icon_favourites@2x.png in Resources */ = {isa = PBXBuildFile; fileRef = CE9E3F39175C912F003FE09C /* icon_favourites@2x.png */; };
		CE9E3F42175C9302003FE09C /* row_accessory.png in Resources */ = {isa = PBXBuildFile; fileRef = CE9E3F40175C9302003FE09C /* row_accessory.png */; };
		CE9E3F43175C9302003FE09C /* row_accessory@2x.png in Resources */ = {isa = PBXBuildFile; fileRef = CE9E3F41175C9302003FE09C /* row_accessory@2x.png */; };
		CE9E3F45175C95CA003FE09C /* tracks_control_bg@2x.png in Resources */ = {isa = PBXBuildFile; fileRef = CE9E3F44175C95C9003FE09C /* tracks_control_bg@2x.png */; };
/* End PBXBuildFile section */

/* Begin PBXFileReference section */
		898D01480B714CBAB008474D /* libPods.a */ = {isa = PBXFileReference; explicitFileType = archive.ar; includeInIndex = 0; path = libPods.a; sourceTree = BUILT_PRODUCTS_DIR; };
		CE4178E6175E3616000CB68B /* RDSpeakerCell.h */ = {isa = PBXFileReference; fileEncoding = 4; lastKnownFileType = sourcecode.c.h; path = RDSpeakerCell.h; sourceTree = "<group>"; };
		CE4178E7175E3616000CB68B /* RDSpeakerCell.m */ = {isa = PBXFileReference; fileEncoding = 4; lastKnownFileType = sourcecode.c.objc; path = RDSpeakerCell.m; sourceTree = "<group>"; };
		CE4178E9175E3AD3000CB68B /* rubylang.png */ = {isa = PBXFileReference; lastKnownFileType = image.png; path = rubylang.png; sourceTree = "<group>"; };
		CE4178EB175E3CDB000CB68B /* RDSpeakerCell.xib */ = {isa = PBXFileReference; fileEncoding = 4; lastKnownFileType = file.xib; path = RDSpeakerCell.xib; sourceTree = "<group>"; };
		CE482E08175A247F00ABC235 /* RDMainTabBarViewController.h */ = {isa = PBXFileReference; fileEncoding = 4; lastKnownFileType = sourcecode.c.h; path = RDMainTabBarViewController.h; sourceTree = "<group>"; };
		CE482E09175A247F00ABC235 /* RDMainTabBarViewController.m */ = {isa = PBXFileReference; fileEncoding = 4; lastKnownFileType = sourcecode.c.objc; path = RDMainTabBarViewController.m; sourceTree = "<group>"; };
		CE6553671759EDCF00F0EE63 /* RubyDay2013.app */ = {isa = PBXFileReference; explicitFileType = wrapper.application; includeInIndex = 0; path = RubyDay2013.app; sourceTree = BUILT_PRODUCTS_DIR; };
		CE65536A1759EDCF00F0EE63 /* UIKit.framework */ = {isa = PBXFileReference; lastKnownFileType = wrapper.framework; name = UIKit.framework; path = System/Library/Frameworks/UIKit.framework; sourceTree = SDKROOT; };
		CE65536C1759EDCF00F0EE63 /* Foundation.framework */ = {isa = PBXFileReference; lastKnownFileType = wrapper.framework; name = Foundation.framework; path = System/Library/Frameworks/Foundation.framework; sourceTree = SDKROOT; };
		CE65536E1759EDCF00F0EE63 /* CoreGraphics.framework */ = {isa = PBXFileReference; lastKnownFileType = wrapper.framework; name = CoreGraphics.framework; path = System/Library/Frameworks/CoreGraphics.framework; sourceTree = SDKROOT; };
		CE6553721759EDCF00F0EE63 /* RubyDay2013-Info.plist */ = {isa = PBXFileReference; lastKnownFileType = text.plist.xml; path = "RubyDay2013-Info.plist"; sourceTree = "<group>"; };
		CE6553741759EDCF00F0EE63 /* en */ = {isa = PBXFileReference; lastKnownFileType = text.plist.strings; name = en; path = en.lproj/InfoPlist.strings; sourceTree = "<group>"; };
		CE6553761759EDCF00F0EE63 /* main.m */ = {isa = PBXFileReference; lastKnownFileType = sourcecode.c.objc; path = main.m; sourceTree = "<group>"; };
		CE6553781759EDCF00F0EE63 /* RubyDay2013-Prefix.pch */ = {isa = PBXFileReference; lastKnownFileType = sourcecode.c.h; path = "RubyDay2013-Prefix.pch"; sourceTree = "<group>"; };
		CE6553791759EDCF00F0EE63 /* RDAppDelegate.h */ = {isa = PBXFileReference; lastKnownFileType = sourcecode.c.h; path = RDAppDelegate.h; sourceTree = "<group>"; };
		CE65537A1759EDCF00F0EE63 /* RDAppDelegate.m */ = {isa = PBXFileReference; lastKnownFileType = sourcecode.c.objc; path = RDAppDelegate.m; sourceTree = "<group>"; };
		CE65537C1759EDCF00F0EE63 /* Default.png */ = {isa = PBXFileReference; lastKnownFileType = image.png; path = Default.png; sourceTree = "<group>"; };
		CE65537E1759EDCF00F0EE63 /* Default@2x.png */ = {isa = PBXFileReference; lastKnownFileType = image.png; path = "Default@2x.png"; sourceTree = "<group>"; };
		CE6553801759EDCF00F0EE63 /* Default-568h@2x.png */ = {isa = PBXFileReference; lastKnownFileType = image.png; path = "Default-568h@2x.png"; sourceTree = "<group>"; };
		CE9E3EEE175A26FF003FE09C /* RDScheduleViewController.h */ = {isa = PBXFileReference; fileEncoding = 4; lastKnownFileType = sourcecode.c.h; path = RDScheduleViewController.h; sourceTree = "<group>"; };
		CE9E3EEF175A26FF003FE09C /* RDScheduleViewController.m */ = {isa = PBXFileReference; fileEncoding = 4; lastKnownFileType = sourcecode.c.objc; path = RDScheduleViewController.m; sourceTree = "<group>"; };
		CE9E3EF1175A2715003FE09C /* RDFavouritesViewController.h */ = {isa = PBXFileReference; fileEncoding = 4; lastKnownFileType = sourcecode.c.h; path = RDFavouritesViewController.h; sourceTree = "<group>"; };
		CE9E3EF2175A2715003FE09C /* RDFavouritesViewController.m */ = {isa = PBXFileReference; fileEncoding = 4; lastKnownFileType = sourcecode.c.objc; path = RDFavouritesViewController.m; sourceTree = "<group>"; };
		CE9E3EF4175A272E003FE09C /* RDSpeakersViewController.h */ = {isa = PBXFileReference; fileEncoding = 4; lastKnownFileType = sourcecode.c.h; path = RDSpeakersViewController.h; sourceTree = "<group>"; };
		CE9E3EF5175A272E003FE09C /* RDSpeakersViewController.m */ = {isa = PBXFileReference; fileEncoding = 4; lastKnownFileType = sourcecode.c.objc; path = RDSpeakersViewController.m; sourceTree = "<group>"; };
		CE9E3EF7175A273D003FE09C /* RDInfoViewController.h */ = {isa = PBXFileReference; fileEncoding = 4; lastKnownFileType = sourcecode.c.h; path = RDInfoViewController.h; sourceTree = "<group>"; };
		CE9E3EF8175A273D003FE09C /* RDInfoViewController.m */ = {isa = PBXFileReference; fileEncoding = 4; lastKnownFileType = sourcecode.c.objc; path = RDInfoViewController.m; sourceTree = "<group>"; };
		CE9E3EFA175A28ED003FE09C /* RDScheduleViewController.xib */ = {isa = PBXFileReference; fileEncoding = 4; lastKnownFileType = file.xib; path = RDScheduleViewController.xib; sourceTree = "<group>"; };
		CE9E3EFC175A2D97003FE09C /* RDDatasource.h */ = {isa = PBXFileReference; fileEncoding = 4; lastKnownFileType = sourcecode.c.h; path = RDDatasource.h; sourceTree = "<group>"; };
		CE9E3EFD175A2D97003FE09C /* RDDatasource.m */ = {isa = PBXFileReference; fileEncoding = 4; lastKnownFileType = sourcecode.c.objc; path = RDDatasource.m; sourceTree = "<group>"; };
		CE9E3EFF175A3C2E003FE09C /* RDTalkViewController.h */ = {isa = PBXFileReference; fileEncoding = 4; lastKnownFileType = sourcecode.c.h; path = RDTalkViewController.h; sourceTree = "<group>"; };
		CE9E3F00175A3C2E003FE09C /* RDTalkViewController.m */ = {isa = PBXFileReference; fileEncoding = 4; lastKnownFileType = sourcecode.c.objc; path = RDTalkViewController.m; sourceTree = "<group>"; };
		CE9E3F01175A3C2E003FE09C /* RDTalkViewController.xib */ = {isa = PBXFileReference; fileEncoding = 4; lastKnownFileType = file.xib; path = RDTalkViewController.xib; sourceTree = "<group>"; };
		CE9E3F04175A41D5003FE09C /* RDSpeakerViewController.h */ = {isa = PBXFileReference; fileEncoding = 4; lastKnownFileType = sourcecode.c.h; path = RDSpeakerViewController.h; sourceTree = "<group>"; };
		CE9E3F05175A41D5003FE09C /* RDSpeakerViewController.m */ = {isa = PBXFileReference; fileEncoding = 4; lastKnownFileType = sourcecode.c.objc; path = RDSpeakerViewController.m; sourceTree = "<group>"; };
		CE9E3F06175A41D5003FE09C /* RDSpeakerViewController.xib */ = {isa = PBXFileReference; fileEncoding = 4; lastKnownFileType = file.xib; path = RDSpeakerViewController.xib; sourceTree = "<group>"; };
		CE9E3F0B175B7AF2003FE09C /* topbar@2x.png */ = {isa = PBXFileReference; lastKnownFileType = image.png; path = "topbar@2x.png"; sourceTree = "<group>"; };
		CE9E3F0C175B7AF2003FE09C /* topbar.png */ = {isa = PBXFileReference; lastKnownFileType = image.png; path = topbar.png; sourceTree = "<group>"; };
		CE9E3F0F175B7F3E003FE09C /* EurostileRegular.ttf */ = {isa = PBXFileReference; lastKnownFileType = file; path = EurostileRegular.ttf; sourceTree = "<group>"; };
		CE9E3F10175B7F3E003FE09C /* EurostileBold.ttf */ = {isa = PBXFileReference; lastKnownFileType = file; path = EurostileBold.ttf; sourceTree = "<group>"; };
		CE9E3F13175B8490003FE09C /* pw_pattern@2X.png */ = {isa = PBXFileReference; lastKnownFileType = image.png; path = "pw_pattern@2X.png"; sourceTree = "<group>"; };
		CE9E3F14175B8490003FE09C /* pw_pattern.png */ = {isa = PBXFileReference; lastKnownFileType = image.png; path = pw_pattern.png; sourceTree = "<group>"; };
		CE9E3F17175B88CB003FE09C /* tablerowsep.png */ = {isa = PBXFileReference; lastKnownFileType = image.png; path = tablerowsep.png; sourceTree = "<group>"; };
		CE9E3F18175B88CB003FE09C /* tablerowsep@2x.png */ = {isa = PBXFileReference; lastKnownFileType = image.png; path = "tablerowsep@2x.png"; sourceTree = "<group>"; };
		CE9E3F19175B88CB003FE09C /* tablerow.png */ = {isa = PBXFileReference; lastKnownFileType = image.png; path = tablerow.png; sourceTree = "<group>"; };
		CE9E3F1A175B88CB003FE09C /* tablerow@2x.png */ = {isa = PBXFileReference; lastKnownFileType = image.png; path = "tablerow@2x.png"; sourceTree = "<group>"; };
		CE9E3F1B175B88CB003FE09C /* tableheader.png */ = {isa = PBXFileReference; lastKnownFileType = image.png; path = tableheader.png; sourceTree = "<group>"; };
		CE9E3F1C175B88CB003FE09C /* tableheader@2x.png */ = {isa = PBXFileReference; lastKnownFileType = image.png; path = "tableheader@2x.png"; sourceTree = "<group>"; };
		CE9E3F23175B896E003FE09C /* tablefooter.png */ = {isa = PBXFileReference; lastKnownFileType = image.png; path = tablefooter.png; sourceTree = "<group>"; };
		CE9E3F24175B896E003FE09C /* tablefooter@2x.png */ = {isa = PBXFileReference; lastKnownFileType = image.png; path = "tablefooter@2x.png"; sourceTree = "<group>"; };
		CE9E3F27175B9241003FE09C /* tabbar.png */ = {isa = PBXFileReference; lastKnownFileType = image.png; path = tabbar.png; sourceTree = "<group>"; };
		CE9E3F28175B9241003FE09C /* tabbar@2x.png */ = {isa = PBXFileReference; lastKnownFileType = image.png; path = "tabbar@2x.png"; sourceTree = "<group>"; };
		CE9E3F2B175B953B003FE09C /* icon_agenda.png */ = {isa = PBXFileReference; lastKnownFileType = image.png; path = icon_agenda.png; sourceTree = "<group>"; };
		CE9E3F2C175B953B003FE09C /* icon_agenda@2x.png */ = {isa = PBXFileReference; lastKnownFileType = image.png; path = "icon_agenda@2x.png"; sourceTree = "<group>"; };
		CE9E3F2F175BA647003FE09C /* RDTalkCell.h */ = {isa = PBXFileReference; fileEncoding = 4; lastKnownFileType = sourcecode.c.h; path = RDTalkCell.h; sourceTree = "<group>"; };
		CE9E3F30175BA647003FE09C /* RDTalkCell.m */ = {isa = PBXFileReference; fileEncoding = 4; lastKnownFileType = sourcecode.c.objc; path = RDTalkCell.m; sourceTree = "<group>"; };
		CE9E3F32175BA67E003FE09C /* RDTalkCell.xib */ = {isa = PBXFileReference; fileEncoding = 4; lastKnownFileType = file.xib; path = RDTalkCell.xib; sourceTree = "<group>"; };
		CE9E3F34175C912D003FE09C /* icon_about.png */ = {isa = PBXFileReference; lastKnownFileType = image.png; path = icon_about.png; sourceTree = "<group>"; };
		CE9E3F35175C912D003FE09C /* icon_about@2x.png */ = {isa = PBXFileReference; lastKnownFileType = image.png; path = "icon_about@2x.png"; sourceTree = "<group>"; };
		CE9E3F36175C912E003FE09C /* icon_speakers.png */ = {isa = PBXFileReference; lastKnownFileType = image.png; path = icon_speakers.png; sourceTree = "<group>"; };
		CE9E3F37175C912E003FE09C /* icon_speakers@2x.png */ = {isa = PBXFileReference; lastKnownFileType = image.png; path = "icon_speakers@2x.png"; sourceTree = "<group>"; };
		CE9E3F38175C912E003FE09C /* icon_favourites.png */ = {isa = PBXFileReference; lastKnownFileType = image.png; path = icon_favourites.png; sourceTree = "<group>"; };
		CE9E3F39175C912F003FE09C /* icon_favourites@2x.png */ = {isa = PBXFileReference; lastKnownFileType = image.png; path = "icon_favourites@2x.png"; sourceTree = "<group>"; };
		CE9E3F40175C9302003FE09C /* row_accessory.png */ = {isa = PBXFileReference; lastKnownFileType = image.png; path = row_accessory.png; sourceTree = "<group>"; };
		CE9E3F41175C9302003FE09C /* row_accessory@2x.png */ = {isa = PBXFileReference; lastKnownFileType = image.png; path = "row_accessory@2x.png"; sourceTree = "<group>"; };
		CE9E3F44175C95C9003FE09C /* tracks_control_bg@2x.png */ = {isa = PBXFileReference; lastKnownFileType = image.png; path = "tracks_control_bg@2x.png"; sourceTree = "<group>"; };
		D24A81558A374930B2E82198 /* Pods.xcconfig */ = {isa = PBXFileReference; includeInIndex = 1; lastKnownFileType = text.xcconfig; name = Pods.xcconfig; path = Pods/Pods.xcconfig; sourceTree = SOURCE_ROOT; };
/* End PBXFileReference section */

/* Begin PBXFrameworksBuildPhase section */
		CE6553641759EDCF00F0EE63 /* Frameworks */ = {
			isa = PBXFrameworksBuildPhase;
			buildActionMask = 2147483647;
			files = (
				CE65536B1759EDCF00F0EE63 /* UIKit.framework in Frameworks */,
				CE65536D1759EDCF00F0EE63 /* Foundation.framework in Frameworks */,
				CE65536F1759EDCF00F0EE63 /* CoreGraphics.framework in Frameworks */,
				BF8ACBCA04C04B3987E5D168 /* libPods.a in Frameworks */,
			);
			runOnlyForDeploymentPostprocessing = 0;
		};
/* End PBXFrameworksBuildPhase section */

/* Begin PBXGroup section */
		CE65535E1759EDCF00F0EE63 = {
			isa = PBXGroup;
			children = (
				CE6553701759EDCF00F0EE63 /* RubyDay2013 */,
				CE6553691759EDCF00F0EE63 /* Frameworks */,
				CE6553681759EDCF00F0EE63 /* Products */,
				D24A81558A374930B2E82198 /* Pods.xcconfig */,
			);
			sourceTree = "<group>";
		};
		CE6553681759EDCF00F0EE63 /* Products */ = {
			isa = PBXGroup;
			children = (
				CE6553671759EDCF00F0EE63 /* RubyDay2013.app */,
			);
			name = Products;
			sourceTree = "<group>";
		};
		CE6553691759EDCF00F0EE63 /* Frameworks */ = {
			isa = PBXGroup;
			children = (
				CE65536A1759EDCF00F0EE63 /* UIKit.framework */,
				CE65536C1759EDCF00F0EE63 /* Foundation.framework */,
				CE65536E1759EDCF00F0EE63 /* CoreGraphics.framework */,
				898D01480B714CBAB008474D /* libPods.a */,
			);
			name = Frameworks;
			sourceTree = "<group>";
		};
		CE6553701759EDCF00F0EE63 /* RubyDay2013 */ = {
			isa = PBXGroup;
			children = (
				CE6553791759EDCF00F0EE63 /* RDAppDelegate.h */,
				CE65537A1759EDCF00F0EE63 /* RDAppDelegate.m */,
				CE6553711759EDCF00F0EE63 /* Supporting Files */,
				CE482E08175A247F00ABC235 /* RDMainTabBarViewController.h */,
				CE482E09175A247F00ABC235 /* RDMainTabBarViewController.m */,
				CE9E3EEE175A26FF003FE09C /* RDScheduleViewController.h */,
				CE9E3EEF175A26FF003FE09C /* RDScheduleViewController.m */,
				CE9E3EF1175A2715003FE09C /* RDFavouritesViewController.h */,
				CE9E3EF2175A2715003FE09C /* RDFavouritesViewController.m */,
				CE9E3EF4175A272E003FE09C /* RDSpeakersViewController.h */,
				CE9E3EF5175A272E003FE09C /* RDSpeakersViewController.m */,
				CE9E3EF7175A273D003FE09C /* RDInfoViewController.h */,
				CE9E3EF8175A273D003FE09C /* RDInfoViewController.m */,
				CE9E3EFA175A28ED003FE09C /* RDScheduleViewController.xib */,
				CE9E3EFC175A2D97003FE09C /* RDDatasource.h */,
				CE9E3EFD175A2D97003FE09C /* RDDatasource.m */,
				CE9E3EFF175A3C2E003FE09C /* RDTalkViewController.h */,
				CE9E3F00175A3C2E003FE09C /* RDTalkViewController.m */,
				CE9E3F01175A3C2E003FE09C /* RDTalkViewController.xib */,
				CE9E3F04175A41D5003FE09C /* RDSpeakerViewController.h */,
				CE9E3F05175A41D5003FE09C /* RDSpeakerViewController.m */,
				CE9E3F06175A41D5003FE09C /* RDSpeakerViewController.xib */,
				CE9E3F2F175BA647003FE09C /* RDTalkCell.h */,
				CE9E3F30175BA647003FE09C /* RDTalkCell.m */,
				CE9E3F32175BA67E003FE09C /* RDTalkCell.xib */,
				CE4178E6175E3616000CB68B /* RDSpeakerCell.h */,
				CE4178E7175E3616000CB68B /* RDSpeakerCell.m */,
				CE4178EB175E3CDB000CB68B /* RDSpeakerCell.xib */,
			);
			path = RubyDay2013;
			sourceTree = "<group>";
		};
		CE6553711759EDCF00F0EE63 /* Supporting Files */ = {
			isa = PBXGroup;
			children = (
				CE4178E9175E3AD3000CB68B /* rubylang.png */,
				CE9E3F2B175B953B003FE09C /* icon_agenda.png */,
				CE9E3F2C175B953B003FE09C /* icon_agenda@2x.png */,
				CE9E3F27175B9241003FE09C /* tabbar.png */,
				CE9E3F28175B9241003FE09C /* tabbar@2x.png */,
				CE9E3F23175B896E003FE09C /* tablefooter.png */,
				CE9E3F24175B896E003FE09C /* tablefooter@2x.png */,
				CE9E3F17175B88CB003FE09C /* tablerowsep.png */,
				CE9E3F18175B88CB003FE09C /* tablerowsep@2x.png */,
				CE9E3F19175B88CB003FE09C /* tablerow.png */,
				CE9E3F1A175B88CB003FE09C /* tablerow@2x.png */,
				CE9E3F1B175B88CB003FE09C /* tableheader.png */,
				CE9E3F1C175B88CB003FE09C /* tableheader@2x.png */,
				CE9E3F13175B8490003FE09C /* pw_pattern@2X.png */,
				CE9E3F14175B8490003FE09C /* pw_pattern.png */,
				CE9E3F0F175B7F3E003FE09C /* EurostileRegular.ttf */,
				CE9E3F10175B7F3E003FE09C /* EurostileBold.ttf */,
				CE9E3F0B175B7AF2003FE09C /* topbar@2x.png */,
				CE9E3F0C175B7AF2003FE09C /* topbar.png */,
				CE9E3F34175C912D003FE09C /* icon_about.png */,
				CE9E3F35175C912D003FE09C /* icon_about@2x.png */,
				CE9E3F36175C912E003FE09C /* icon_speakers.png */,
				CE9E3F37175C912E003FE09C /* icon_speakers@2x.png */,
				CE9E3F38175C912E003FE09C /* icon_favourites.png */,
				CE9E3F39175C912F003FE09C /* icon_favourites@2x.png */,
				CE9E3F40175C9302003FE09C /* row_accessory.png */,
				CE9E3F41175C9302003FE09C /* row_accessory@2x.png */,
				CE6553721759EDCF00F0EE63 /* RubyDay2013-Info.plist */,
				CE6553731759EDCF00F0EE63 /* InfoPlist.strings */,
				CE6553761759EDCF00F0EE63 /* main.m */,
				CE6553781759EDCF00F0EE63 /* RubyDay2013-Prefix.pch */,
				CE65537C1759EDCF00F0EE63 /* Default.png */,
				CE65537E1759EDCF00F0EE63 /* Default@2x.png */,
				CE6553801759EDCF00F0EE63 /* Default-568h@2x.png */,
				CE9E3F44175C95C9003FE09C /* tracks_control_bg@2x.png */,
			);
			name = "Supporting Files";
			sourceTree = "<group>";
		};
/* End PBXGroup section */

/* Begin PBXNativeTarget section */
		CE6553661759EDCF00F0EE63 /* RubyDay2013 */ = {
			isa = PBXNativeTarget;
			buildConfigurationList = CE6553841759EDCF00F0EE63 /* Build configuration list for PBXNativeTarget "RubyDay2013" */;
			buildPhases = (
				1476F74362FB46B7A0B3520A /* Check Pods Manifest.lock */,
				CE6553631759EDCF00F0EE63 /* Sources */,
				CE6553641759EDCF00F0EE63 /* Frameworks */,
				CE6553651759EDCF00F0EE63 /* Resources */,
				E80B71DE6EB64FFBABB84C2D /* Copy Pods Resources */,
			);
			buildRules = (
			);
			dependencies = (
			);
			name = RubyDay2013;
			productName = RubyDay2013;
			productReference = CE6553671759EDCF00F0EE63 /* RubyDay2013.app */;
			productType = "com.apple.product-type.application";
		};
/* End PBXNativeTarget section */

/* Begin PBXProject section */
		CE65535F1759EDCF00F0EE63 /* Project object */ = {
			isa = PBXProject;
			attributes = {
				CLASSPREFIX = RD;
				LastUpgradeCheck = 0460;
				ORGANIZATIONNAME = Webrain;
			};
			buildConfigurationList = CE6553621759EDCF00F0EE63 /* Build configuration list for PBXProject "RubyDay2013" */;
			compatibilityVersion = "Xcode 3.2";
			developmentRegion = English;
			hasScannedForEncodings = 0;
			knownRegions = (
				en,
			);
			mainGroup = CE65535E1759EDCF00F0EE63;
			productRefGroup = CE6553681759EDCF00F0EE63 /* Products */;
			projectDirPath = "";
			projectRoot = "";
			targets = (
				CE6553661759EDCF00F0EE63 /* RubyDay2013 */,
			);
		};
/* End PBXProject section */

/* Begin PBXResourcesBuildPhase section */
		CE6553651759EDCF00F0EE63 /* Resources */ = {
			isa = PBXResourcesBuildPhase;
			buildActionMask = 2147483647;
			files = (
				CE6553751759EDCF00F0EE63 /* InfoPlist.strings in Resources */,
				CE65537D1759EDCF00F0EE63 /* Default.png in Resources */,
				CE65537F1759EDCF00F0EE63 /* Default@2x.png in Resources */,
				CE6553811759EDCF00F0EE63 /* Default-568h@2x.png in Resources */,
				CE9E3EFB175A28ED003FE09C /* RDScheduleViewController.xib in Resources */,
				CE9E3F03175A3C2E003FE09C /* RDTalkViewController.xib in Resources */,
				CE9E3F08175A41D5003FE09C /* RDSpeakerViewController.xib in Resources */,
				CE9E3F0D175B7AF2003FE09C /* topbar@2x.png in Resources */,
				CE9E3F0E175B7AF2003FE09C /* topbar.png in Resources */,
				CE9E3F11175B7F3E003FE09C /* EurostileRegular.ttf in Resources */,
				CE9E3F12175B7F3E003FE09C /* EurostileBold.ttf in Resources */,
				CE9E3F15175B8490003FE09C /* pw_pattern@2X.png in Resources */,
				CE9E3F16175B8490003FE09C /* pw_pattern.png in Resources */,
				CE9E3F1D175B88CC003FE09C /* tablerowsep.png in Resources */,
				CE9E3F1E175B88CC003FE09C /* tablerowsep@2x.png in Resources */,
				CE9E3F1F175B88CC003FE09C /* tablerow.png in Resources */,
				CE9E3F20175B88CC003FE09C /* tablerow@2x.png in Resources */,
				CE9E3F21175B88CC003FE09C /* tableheader.png in Resources */,
				CE9E3F22175B88CC003FE09C /* tableheader@2x.png in Resources */,
				CE9E3F25175B896E003FE09C /* tablefooter.png in Resources */,
				CE9E3F26175B896E003FE09C /* tablefooter@2x.png in Resources */,
				CE9E3F29175B9241003FE09C /* tabbar.png in Resources */,
				CE9E3F2A175B9241003FE09C /* tabbar@2x.png in Resources */,
				CE9E3F2D175B953B003FE09C /* icon_agenda.png in Resources */,
				CE9E3F2E175B953B003FE09C /* icon_agenda@2x.png in Resources */,
				CE9E3F33175BA67E003FE09C /* RDTalkCell.xib in Resources */,
				CE9E3F3A175C912F003FE09C /* icon_about.png in Resources */,
				CE9E3F3B175C912F003FE09C /* icon_about@2x.png in Resources */,
				CE9E3F3C175C912F003FE09C /* icon_speakers.png in Resources */,
				CE9E3F3D175C912F003FE09C /* icon_speakers@2x.png in Resources */,
				CE9E3F3E175C912F003FE09C /* icon_favourites.png in Resources */,
				CE9E3F3F175C912F003FE09C /* icon_favourites@2x.png in Resources */,
				CE9E3F42175C9302003FE09C /* row_accessory.png in Resources */,
				CE9E3F43175C9302003FE09C /* row_accessory@2x.png in Resources */,
				CE9E3F45175C95CA003FE09C /* tracks_control_bg@2x.png in Resources */,
				CE4178EA175E3AD3000CB68B /* rubylang.png in Resources */,
				CE4178EC175E3CDB000CB68B /* RDSpeakerCell.xib in Resources */,
			);
			runOnlyForDeploymentPostprocessing = 0;
		};
/* End PBXResourcesBuildPhase section */

/* Begin PBXShellScriptBuildPhase section */
		1476F74362FB46B7A0B3520A /* Check Pods Manifest.lock */ = {
			isa = PBXShellScriptBuildPhase;
			buildActionMask = 2147483647;
			files = (
			);
			inputPaths = (
			);
			name = "Check Pods Manifest.lock";
			outputPaths = (
			);
			runOnlyForDeploymentPostprocessing = 0;
			shellPath = /bin/sh;
			shellScript = "diff \"${PODS_ROOT}/../Podfile.lock\" \"${PODS_ROOT}/Manifest.lock\" > /dev/null\nif [[ $? != 0 ]] ; then\n    cat << EOM\nerror: The sandbox is not in sync with the Podfile.lock. Run 'pod install' or update your CocoaPods installation.\nEOM\n    exit 1\nfi\n";
		};
		E80B71DE6EB64FFBABB84C2D /* Copy Pods Resources */ = {
			isa = PBXShellScriptBuildPhase;
			buildActionMask = 2147483647;
			files = (
			);
			inputPaths = (
			);
			name = "Copy Pods Resources";
			outputPaths = (
			);
			runOnlyForDeploymentPostprocessing = 0;
			shellPath = /bin/sh;
			shellScript = "\"${SRCROOT}/Pods/Pods-resources.sh\"\n";
		};
/* End PBXShellScriptBuildPhase section */

/* Begin PBXSourcesBuildPhase section */
		CE6553631759EDCF00F0EE63 /* Sources */ = {
			isa = PBXSourcesBuildPhase;
			buildActionMask = 2147483647;
			files = (
				CE6553771759EDCF00F0EE63 /* main.m in Sources */,
				CE65537B1759EDCF00F0EE63 /* RDAppDelegate.m in Sources */,
				CE482E0A175A247F00ABC235 /* RDMainTabBarViewController.m in Sources */,
				CE9E3EF0175A26FF003FE09C /* RDScheduleViewController.m in Sources */,
				CE9E3EF3175A2715003FE09C /* RDFavouritesViewController.m in Sources */,
				CE9E3EF6175A272E003FE09C /* RDSpeakersViewController.m in Sources */,
				CE9E3EF9175A273D003FE09C /* RDInfoViewController.m in Sources */,
				CE9E3EFE175A2D98003FE09C /* RDDatasource.m in Sources */,
				CE9E3F02175A3C2E003FE09C /* RDTalkViewController.m in Sources */,
				CE9E3F07175A41D5003FE09C /* RDSpeakerViewController.m in Sources */,
				CE9E3F31175BA647003FE09C /* RDTalkCell.m in Sources */,
				CE4178E8175E3616000CB68B /* RDSpeakerCell.m in Sources */,
			);
			runOnlyForDeploymentPostprocessing = 0;
		};
/* End PBXSourcesBuildPhase section */

/* Begin PBXVariantGroup section */
		CE6553731759EDCF00F0EE63 /* InfoPlist.strings */ = {
			isa = PBXVariantGroup;
			children = (
				CE6553741759EDCF00F0EE63 /* en */,
			);
			name = InfoPlist.strings;
			sourceTree = "<group>";
		};
/* End PBXVariantGroup section */

/* Begin XCBuildConfiguration section */
		CE6553821759EDCF00F0EE63 /* Debug */ = {
			isa = XCBuildConfiguration;
			buildSettings = {
				ALWAYS_SEARCH_USER_PATHS = NO;
				CLANG_CXX_LANGUAGE_STANDARD = "gnu++0x";
				CLANG_CXX_LIBRARY = "libc++";
				CLANG_ENABLE_OBJC_ARC = YES;
				CLANG_WARN_CONSTANT_CONVERSION = YES;
				CLANG_WARN_EMPTY_BODY = YES;
				CLANG_WARN_ENUM_CONVERSION = YES;
				CLANG_WARN_INT_CONVERSION = YES;
				CLANG_WARN__DUPLICATE_METHOD_MATCH = YES;
				"CODE_SIGN_IDENTITY[sdk=iphoneos*]" = "iPhone Developer";
				COPY_PHASE_STRIP = NO;
				GCC_C_LANGUAGE_STANDARD = gnu99;
				GCC_DYNAMIC_NO_PIC = NO;
				GCC_OPTIMIZATION_LEVEL = 0;
				GCC_PREPROCESSOR_DEFINITIONS = (
					"DEBUG=1",
					"$(inherited)",
				);
				GCC_SYMBOLS_PRIVATE_EXTERN = NO;
				GCC_WARN_ABOUT_RETURN_TYPE = YES;
				GCC_WARN_UNINITIALIZED_AUTOS = YES;
				GCC_WARN_UNUSED_VARIABLE = YES;
				IPHONEOS_DEPLOYMENT_TARGET = 6.1;
				ONLY_ACTIVE_ARCH = YES;
				SDKROOT = iphoneos;
			};
			name = Debug;
		};
		CE6553831759EDCF00F0EE63 /* Release */ = {
			isa = XCBuildConfiguration;
			buildSettings = {
				ALWAYS_SEARCH_USER_PATHS = NO;
				CLANG_CXX_LANGUAGE_STANDARD = "gnu++0x";
				CLANG_CXX_LIBRARY = "libc++";
				CLANG_ENABLE_OBJC_ARC = YES;
				CLANG_WARN_CONSTANT_CONVERSION = YES;
				CLANG_WARN_EMPTY_BODY = YES;
				CLANG_WARN_ENUM_CONVERSION = YES;
				CLANG_WARN_INT_CONVERSION = YES;
				CLANG_WARN__DUPLICATE_METHOD_MATCH = YES;
				"CODE_SIGN_IDENTITY[sdk=iphoneos*]" = "iPhone Developer";
				COPY_PHASE_STRIP = YES;
				GCC_C_LANGUAGE_STANDARD = gnu99;
				GCC_WARN_ABOUT_RETURN_TYPE = YES;
				GCC_WARN_UNINITIALIZED_AUTOS = YES;
				GCC_WARN_UNUSED_VARIABLE = YES;
				IPHONEOS_DEPLOYMENT_TARGET = 6.1;
				OTHER_CFLAGS = "-DNS_BLOCK_ASSERTIONS=1";
				SDKROOT = iphoneos;
				VALIDATE_PRODUCT = YES;
			};
			name = Release;
		};
		CE6553851759EDCF00F0EE63 /* Debug */ = {
			isa = XCBuildConfiguration;
			baseConfigurationReference = D24A81558A374930B2E82198 /* Pods.xcconfig */;
			buildSettings = {
				GCC_PRECOMPILE_PREFIX_HEADER = YES;
				GCC_PREFIX_HEADER = "RubyDay2013/RubyDay2013-Prefix.pch";
				INFOPLIST_FILE = "RubyDay2013/RubyDay2013-Info.plist";
				PRODUCT_NAME = "$(TARGET_NAME)";
				WRAPPER_EXTENSION = app;
			};
			name = Debug;
		};
		CE6553861759EDCF00F0EE63 /* Release */ = {
			isa = XCBuildConfiguration;
			baseConfigurationReference = D24A81558A374930B2E82198 /* Pods.xcconfig */;
			buildSettings = {
				GCC_PRECOMPILE_PREFIX_HEADER = YES;
				GCC_PREFIX_HEADER = "RubyDay2013/RubyDay2013-Prefix.pch";
				INFOPLIST_FILE = "RubyDay2013/RubyDay2013-Info.plist";
				PRODUCT_NAME = "$(TARGET_NAME)";
				WRAPPER_EXTENSION = app;
			};
			name = Release;
		};
/* End XCBuildConfiguration section */

/* Begin XCConfigurationList section */
		CE6553621759EDCF00F0EE63 /* Build configuration list for PBXProject "RubyDay2013" */ = {
			isa = XCConfigurationList;
			buildConfigurations = (
				CE6553821759EDCF00F0EE63 /* Debug */,
				CE6553831759EDCF00F0EE63 /* Release */,
			);
			defaultConfigurationIsVisible = 0;
			defaultConfigurationName = Release;
		};
		CE6553841759EDCF00F0EE63 /* Build configuration list for PBXNativeTarget "RubyDay2013" */ = {
			isa = XCConfigurationList;
			buildConfigurations = (
				CE6553851759EDCF00F0EE63 /* Debug */,
				CE6553861759EDCF00F0EE63 /* Release */,
			);
			defaultConfigurationIsVisible = 0;
			defaultConfigurationName = Release;
		};
/* End XCConfigurationList section */
	};
	rootObject = CE65535F1759EDCF00F0EE63 /* Project object */;
}
